
Microsoft Visual Studio Solution File, Format Version 12.00
# Visual Studio Version 16
VisualStudioVersion = 16.0.31624.102
MinimumVisualStudioVersion = 10.0.40219.1
Project("{FAE04EC0-301F-11D3-BF4B-00C04F79EFBC}") = "WindowsFormsApp2", "WindowsFormsApp2\WindowsFormsApp2.csproj", "{6C191A22-CE59-4F4F-805D-6DAFB88E7CA6}"
EndProject
Global
	GlobalSection(SolutionConfigurationPlatforms) = preSolution
		Debug|Any CPU = Debug|Any CPU
		Release|Any CPU = Release|Any CPU
	EndGlobalSection
	GlobalSection(ProjectConfigurationPlatforms) = postSolution
		{6C191A22-CE59-4F4F-805D-6DAFB88E7CA6}.Debug|Any CPU.ActiveCfg = Debug|Any CPU
		{6C191A22-CE59-4F4F-805D-6DAFB88E7CA6}.Debug|Any CPU.Build.0 = Debug|Any CPU
		{6C191A22-CE59-4F4F-805D-6DAFB88E7CA6}.Release|Any CPU.ActiveCfg = Release|Any CPU
		{6C191A22-CE59-4F4F-805D-6DAFB88E7CA6}.Release|Any CPU.Build.0 = Release|Any CPU
	EndGlobalSection
	GlobalSection(SolutionProperties) = preSolution
		HideSolutionNode = FALSE
	EndGlobalSection
	GlobalSection(ExtensibilityGlobals) = postSolution
		SolutionGuid = {906BBB1D-688E-4522-8CC8-581314F186C9}
	EndGlobalSection
EndGlobal
